
Microsoft Visual Studio Solution File, Format Version 12.00
# Visual Studio 15
VisualStudioVersion = 15.0.28307.136
MinimumVisualStudioVersion = 10.0.40219.1
Project("{FAE04EC0-301F-11D3-BF4B-00C04F79EFBC}") = "AppMovile.Android", "AppMovile\AppMovile.Android\AppMovile.Android.csproj", "{CA98A9B2-8500-4E70-AE92-499A5835D91C}"
EndProject
Project("{FAE04EC0-301F-11D3-BF4B-00C04F79EFBC}") = "AppMovile.iOS", "AppMovile\AppMovile.iOS\AppMovile.iOS.csproj", "{694D56B5-8F16-459B-B21B-E5AA50887EA9}"
EndProject
Project("{FAE04EC0-301F-11D3-BF4B-00C04F79EFBC}") = "AppMovile", "AppMovile\AppMovile\AppMovile.csproj", "{CC41BEDA-BDF7-4D75-9387-B31728FE897B}"
EndProject
Project("{2150E333-8FDC-42A3-9474-1A3956D46DE8}") = "Bussines", "Bussines", "{AF86BC5E-480F-4F37-86DE-0B438B52F5E6}"
EndProject
Project("{2150E333-8FDC-42A3-9474-1A3956D46DE8}") = "DataBase", "DataBase", "{57C015F9-58D1-4335-ADAA-B8268181E01A}"
EndProject
Project("{2150E333-8FDC-42A3-9474-1A3956D46DE8}") = "Client", "Client", "{5A8B2FE2-F7AB-4988-80A3-A260BA61176F}"
EndProject
Global
	GlobalSection(SolutionConfigurationPlatforms) = preSolution
		Ad-Hoc|Any CPU = Ad-Hoc|Any CPU
		Ad-Hoc|iPhone = Ad-Hoc|iPhone
		Ad-Hoc|iPhoneSimulator = Ad-Hoc|iPhoneSimulator
		AppStore|Any CPU = AppStore|Any CPU
		AppStore|iPhone = AppStore|iPhone
		AppStore|iPhoneSimulator = AppStore|iPhoneSimulator
		Debug|Any CPU = Debug|Any CPU
		Debug|iPhone = Debug|iPhone
		Debug|iPhoneSimulator = Debug|iPhoneSimulator
		Release|Any CPU = Release|Any CPU
		Release|iPhone = Release|iPhone
		Release|iPhoneSimulator = Release|iPhoneSimulator
	EndGlobalSection
	GlobalSection(ProjectConfigurationPlatforms) = postSolution
		{CA98A9B2-8500-4E70-AE92-499A5835D91C}.Ad-Hoc|Any CPU.ActiveCfg = Release|Any CPU
		{CA98A9B2-8500-4E70-AE92-499A5835D91C}.Ad-Hoc|Any CPU.Build.0 = Release|Any CPU
		{CA98A9B2-8500-4E70-AE92-499A5835D91C}.Ad-Hoc|Any CPU.Deploy.0 = Release|Any CPU
		{CA98A9B2-8500-4E70-AE92-499A5835D91C}.Ad-Hoc|iPhone.ActiveCfg = Release|Any CPU
		{CA98A9B2-8500-4E70-AE92-499A5835D91C}.Ad-Hoc|iPhone.Build.0 = Release|Any CPU
		{CA98A9B2-8500-4E70-AE92-499A5835D91C}.Ad-Hoc|iPhone.Deploy.0 = Release|Any CPU
		{CA98A9B2-8500-4E70-AE92-499A5835D91C}.Ad-Hoc|iPhoneSimulator.ActiveCfg = Release|Any CPU
		{CA98A9B2-8500-4E70-AE92-499A5835D91C}.Ad-Hoc|iPhoneSimulator.Build.0 = Release|Any CPU
		{CA98A9B2-8500-4E70-AE92-499A5835D91C}.Ad-Hoc|iPhoneSimulator.Deploy.0 = Release|Any CPU
		{CA98A9B2-8500-4E70-AE92-499A5835D91C}.AppStore|Any CPU.ActiveCfg = Release|Any CPU
		{CA98A9B2-8500-4E70-AE92-499A5835D91C}.AppStore|Any CPU.Build.0 = Release|Any CPU
		{CA98A9B2-8500-4E70-AE92-499A5835D91C}.AppStore|Any CPU.Deploy.0 = Release|Any CPU
		{CA98A9B2-8500-4E70-AE92-499A5835D91C}.AppStore|iPhone.ActiveCfg = Release|Any CPU
		{CA98A9B2-8500-4E70-AE92-499A5835D91C}.AppStore|iPhone.Build.0 = Release|Any CPU
		{CA98A9B2-8500-4E70-AE92-499A5835D91C}.AppStore|iPhone.Deploy.0 = Release|Any CPU
		{CA98A9B2-8500-4E70-AE92-499A5835D91C}.AppStore|iPhoneSimulator.ActiveCfg = Release|Any CPU
		{CA98A9B2-8500-4E70-AE92-499A5835D91C}.AppStore|iPhoneSimulator.Build.0 = Release|Any CPU
		{CA98A9B2-8500-4E70-AE92-499A5835D91C}.AppStore|iPhoneSimulator.Deploy.0 = Release|Any CPU
		{CA98A9B2-8500-4E70-AE92-499A5835D91C}.Debug|Any CPU.ActiveCfg = Debug|Any CPU
		{CA98A9B2-8500-4E70-AE92-499A5835D91C}.Debug|Any CPU.Build.0 = Debug|Any CPU
		{CA98A9B2-8500-4E70-AE92-499A5835D91C}.Debug|Any CPU.Deploy.0 = Debug|Any CPU
		{CA98A9B2-8500-4E70-AE92-499A5835D91C}.Debug|iPhone.ActiveCfg = Debug|Any CPU
		{CA98A9B2-8500-4E70-AE92-499A5835D91C}.Debug|iPhone.Build.0 = Debug|Any CPU
		{CA98A9B2-8500-4E70-AE92-499A5835D91C}.Debug|iPhone.Deploy.0 = Debug|Any CPU
		{CA98A9B2-8500-4E70-AE92-499A5835D91C}.Debug|iPhoneSimulator.ActiveCfg = Debug|Any CPU
		{CA98A9B2-8500-4E70-AE92-499A5835D91C}.Debug|iPhoneSimulator.Build.0 = Debug|Any CPU
		{CA98A9B2-8500-4E70-AE92-499A5835D91C}.Debug|iPhoneSimulator.Deploy.0 = Debug|Any CPU
		{CA98A9B2-8500-4E70-AE92-499A5835D91C}.Release|Any CPU.ActiveCfg = Release|Any CPU
		{CA98A9B2-8500-4E70-AE92-499A5835D91C}.Release|Any CPU.Build.0 = Release|Any CPU
		{CA98A9B2-8500-4E70-AE92-499A5835D91C}.Release|Any CPU.Deploy.0 = Release|Any CPU
		{CA98A9B2-8500-4E70-AE92-499A5835D91C}.Release|iPhone.ActiveCfg = Release|Any CPU
		{CA98A9B2-8500-4E70-AE92-499A5835D91C}.Release|iPhone.Build.0 = Release|Any CPU
		{CA98A9B2-8500-4E70-AE92-499A5835D91C}.Release|iPhone.Deploy.0 = Release|Any CPU
		{CA98A9B2-8500-4E70-AE92-499A5835D91C}.Release|iPhoneSimulator.ActiveCfg = Release|Any CPU
		{CA98A9B2-8500-4E70-AE92-499A5835D91C}.Release|iPhoneSimulator.Build.0 = Release|Any CPU
		{CA98A9B2-8500-4E70-AE92-499A5835D91C}.Release|iPhoneSimulator.Deploy.0 = Release|Any CPU
		{694D56B5-8F16-459B-B21B-E5AA50887EA9}.Ad-Hoc|Any CPU.ActiveCfg = Ad-Hoc|iPhone
		{694D56B5-8F16-459B-B21B-E5AA50887EA9}.Ad-Hoc|Any CPU.Build.0 = Ad-Hoc|iPhone
		{694D56B5-8F16-459B-B21B-E5AA50887EA9}.Ad-Hoc|Any CPU.Deploy.0 = Ad-Hoc|iPhone
		{694D56B5-8F16-459B-B21B-E5AA50887EA9}.Ad-Hoc|iPhone.ActiveCfg = Ad-Hoc|iPhone
		{694D56B5-8F16-459B-B21B-E5AA50887EA9}.Ad-Hoc|iPhone.Build.0 = Ad-Hoc|iPhone
		{694D56B5-8F16-459B-B21B-E5AA50887EA9}.Ad-Hoc|iPhone.Deploy.0 = Ad-Hoc|iPhone
		{694D56B5-8F16-459B-B21B-E5AA50887EA9}.Ad-Hoc|iPhoneSimulator.ActiveCfg = Ad-Hoc|iPhoneSimulator
		{694D56B5-8F16-459B-B21B-E5AA50887EA9}.Ad-Hoc|iPhoneSimulator.Build.0 = Ad-Hoc|iPhoneSimulator
		{694D56B5-8F16-459B-B21B-E5AA50887EA9}.Ad-Hoc|iPhoneSimulator.Deploy.0 = Ad-Hoc|iPhoneSimulator
		{694D56B5-8F16-459B-B21B-E5AA50887EA9}.AppStore|Any CPU.ActiveCfg = AppStore|iPhone
		{694D56B5-8F16-459B-B21B-E5AA50887EA9}.AppStore|Any CPU.Build.0 = AppStore|iPhone
		{694D56B5-8F16-459B-B21B-E5AA50887EA9}.AppStore|Any CPU.Deploy.0 = AppStore|iPhone
		{694D56B5-8F16-459B-B21B-E5AA50887EA9}.AppStore|iPhone.ActiveCfg = AppStore|iPhone
		{694D56B5-8F16-459B-B21B-E5AA50887EA9}.AppStore|iPhone.Build.0 = AppStore|iPhone
		{694D56B5-8F16-459B-B21B-E5AA50887EA9}.AppStore|iPhone.Deploy.0 = AppStore|iPhone
		{694D56B5-8F16-459B-B21B-E5AA50887EA9}.AppStore|iPhoneSimulator.ActiveCfg = AppStore|iPhoneSimulator
		{694D56B5-8F16-459B-B21B-E5AA50887EA9}.AppStore|iPhoneSimulator.Build.0 = AppStore|iPhoneSimulator
		{694D56B5-8F16-459B-B21B-E5AA50887EA9}.AppStore|iPhoneSimulator.Deploy.0 = AppStore|iPhoneSimulator
		{694D56B5-8F16-459B-B21B-E5AA50887EA9}.Debug|Any CPU.ActiveCfg = Debug|iPhoneSimulator
		{694D56B5-8F16-459B-B21B-E5AA50887EA9}.Debug|Any CPU.Build.0 = Debug|iPhoneSimulator
		{694D56B5-8F16-459B-B21B-E5AA50887EA9}.Debug|Any CPU.Deploy.0 = Debug|iPhoneSimulator
		{694D56B5-8F16-459B-B21B-E5AA50887EA9}.Debug|iPhone.ActiveCfg = Debug|iPhone
		{694D56B5-8F16-459B-B21B-E5AA50887EA9}.Debug|iPhone.Build.0 = Debug|iPhone
		{694D56B5-8F16-459B-B21B-E5AA50887EA9}.Debug|iPhone.Deploy.0 = Debug|iPhone
		{694D56B5-8F16-459B-B21B-E5AA50887EA9}.Debug|iPhoneSimulator.ActiveCfg = Debug|iPhoneSimulator
		{694D56B5-8F16-459B-B21B-E5AA50887EA9}.Debug|iPhoneSimulator.Build.0 = Debug|iPhoneSimulator
		{694D56B5-8F16-459B-B21B-E5AA50887EA9}.Debug|iPhoneSimulator.Deploy.0 = Debug|iPhoneSimulator
		{694D56B5-8F16-459B-B21B-E5AA50887EA9}.Release|Any CPU.ActiveCfg = Release|iPhone
		{694D56B5-8F16-459B-B21B-E5AA50887EA9}.Release|Any CPU.Build.0 = Release|iPhone
		{694D56B5-8F16-459B-B21B-E5AA50887EA9}.Release|Any CPU.Deploy.0 = Release|iPhone
		{694D56B5-8F16-459B-B21B-E5AA50887EA9}.Release|iPhone.ActiveCfg = Release|iPhone
		{694D56B5-8F16-459B-B21B-E5AA50887EA9}.Release|iPhone.Build.0 = Release|iPhone
		{694D56B5-8F16-459B-B21B-E5AA50887EA9}.Release|iPhone.Deploy.0 = Release|iPhone
		{694D56B5-8F16-459B-B21B-E5AA50887EA9}.Release|iPhoneSimulator.ActiveCfg = Release|iPhoneSimulator
		{694D56B5-8F16-459B-B21B-E5AA50887EA9}.Release|iPhoneSimulator.Build.0 = Release|iPhoneSimulator
		{694D56B5-8F16-459B-B21B-E5AA50887EA9}.Release|iPhoneSimulator.Deploy.0 = Release|iPhoneSimulator
		{CC41BEDA-BDF7-4D75-9387-B31728FE897B}.Ad-Hoc|Any CPU.ActiveCfg = Debug|Any CPU
		{CC41BEDA-BDF7-4D75-9387-B31728FE897B}.Ad-Hoc|Any CPU.Build.0 = Debug|Any CPU
		{CC41BEDA-BDF7-4D75-9387-B31728FE897B}.Ad-Hoc|Any CPU.Deploy.0 = Debug|Any CPU
		{CC41BEDA-BDF7-4D75-9387-B31728FE897B}.Ad-Hoc|iPhone.ActiveCfg = Debug|Any CPU
		{CC41BEDA-BDF7-4D75-9387-B31728FE897B}.Ad-Hoc|iPhone.Build.0 = Debug|Any CPU
		{CC41BEDA-BDF7-4D75-9387-B31728FE897B}.Ad-Hoc|iPhone.Deploy.0 = Debug|Any CPU
		{CC41BEDA-BDF7-4D75-9387-B31728FE897B}.Ad-Hoc|iPhoneSimulator.ActiveCfg = Debug|Any CPU
		{CC41BEDA-BDF7-4D75-9387-B31728FE897B}.Ad-Hoc|iPhoneSimulator.Build.0 = Debug|Any CPU
		{CC41BEDA-BDF7-4D75-9387-B31728FE897B}.Ad-Hoc|iPhoneSimulator.Deploy.0 = Debug|Any CPU
		{CC41BEDA-BDF7-4D75-9387-B31728FE897B}.AppStore|Any CPU.ActiveCfg = Debug|Any CPU
		{CC41BEDA-BDF7-4D75-9387-B31728FE897B}.AppStore|Any CPU.Build.0 = Debug|Any CPU
		{CC41BEDA-BDF7-4D75-9387-B31728FE897B}.AppStore|Any CPU.Deploy.0 = Debug|Any CPU
		{CC41BEDA-BDF7-4D75-9387-B31728FE897B}.AppStore|iPhone.ActiveCfg = Debug|Any CPU
		{CC41BEDA-BDF7-4D75-9387-B31728FE897B}.AppStore|iPhone.Build.0 = Debug|Any CPU
		{CC41BEDA-BDF7-4D75-9387-B31728FE897B}.AppStore|iPhone.Deploy.0 = Debug|Any CPU
		{CC41BEDA-BDF7-4D75-9387-B31728FE897B}.AppStore|iPhoneSimulator.ActiveCfg = Debug|Any CPU
		{CC41BEDA-BDF7-4D75-9387-B31728FE897B}.AppStore|iPhoneSimulator.Build.0 = Debug|Any CPU
		{CC41BEDA-BDF7-4D75-9387-B31728FE897B}.AppStore|iPhoneSimulator.Deploy.0 = Debug|Any CPU
		{CC41BEDA-BDF7-4D75-9387-B31728FE897B}.Debug|Any CPU.ActiveCfg = Debug|Any CPU
		{CC41BEDA-BDF7-4D75-9387-B31728FE897B}.Debug|Any CPU.Build.0 = Debug|Any CPU
		{CC41BEDA-BDF7-4D75-9387-B31728FE897B}.Debug|Any CPU.Deploy.0 = Debug|Any CPU
		{CC41BEDA-BDF7-4D75-9387-B31728FE897B}.Debug|iPhone.ActiveCfg = Debug|Any CPU
		{CC41BEDA-BDF7-4D75-9387-B31728FE897B}.Debug|iPhone.Build.0 = Debug|Any CPU
		{CC41BEDA-BDF7-4D75-9387-B31728FE897B}.Debug|iPhone.Deploy.0 = Debug|Any CPU
		{CC41BEDA-BDF7-4D75-9387-B31728FE897B}.Debug|iPhoneSimulator.ActiveCfg = Debug|Any CPU
		{CC41BEDA-BDF7-4D75-9387-B31728FE897B}.Debug|iPhoneSimulator.Build.0 = Debug|Any CPU
		{CC41BEDA-BDF7-4D75-9387-B31728FE897B}.Debug|iPhoneSimulator.Deploy.0 = Debug|Any CPU
		{CC41BEDA-BDF7-4D75-9387-B31728FE897B}.Release|Any CPU.ActiveCfg = Release|Any CPU
		{CC41BEDA-BDF7-4D75-9387-B31728FE897B}.Release|Any CPU.Build.0 = Release|Any CPU
		{CC41BEDA-BDF7-4D75-9387-B31728FE897B}.Release|Any CPU.Deploy.0 = Release|Any CPU
		{CC41BEDA-BDF7-4D75-9387-B31728FE897B}.Release|iPhone.ActiveCfg = Release|Any CPU
		{CC41BEDA-BDF7-4D75-9387-B31728FE897B}.Release|iPhone.Build.0 = Release|Any CPU
		{CC41BEDA-BDF7-4D75-9387-B31728FE897B}.Release|iPhone.Deploy.0 = Release|Any CPU
		{CC41BEDA-BDF7-4D75-9387-B31728FE897B}.Release|iPhoneSimulator.ActiveCfg = Release|Any CPU
		{CC41BEDA-BDF7-4D75-9387-B31728FE897B}.Release|iPhoneSimulator.Build.0 = Release|Any CPU
		{CC41BEDA-BDF7-4D75-9387-B31728FE897B}.Release|iPhoneSimulator.Deploy.0 = Release|Any CPU
	EndGlobalSection
	GlobalSection(SolutionProperties) = preSolution
		HideSolutionNode = FALSE
	EndGlobalSection
	GlobalSection(NestedProjects) = preSolution
		{CA98A9B2-8500-4E70-AE92-499A5835D91C} = {5A8B2FE2-F7AB-4988-80A3-A260BA61176F}
		{694D56B5-8F16-459B-B21B-E5AA50887EA9} = {5A8B2FE2-F7AB-4988-80A3-A260BA61176F}
		{CC41BEDA-BDF7-4D75-9387-B31728FE897B} = {5A8B2FE2-F7AB-4988-80A3-A260BA61176F}
	EndGlobalSection
	GlobalSection(ExtensibilityGlobals) = postSolution
		SolutionGuid = {9AAEA196-49D1-4FD1-92E1-CEE01A85FB3A}
	EndGlobalSection
EndGlobal
